
Microsoft Visual Studio Solution File, Format Version 12.00
# Visual Studio 15
VisualStudioVersion = 15.0.28307.421
MinimumVisualStudioVersion = 10.0.40219.1
Project("{2150E333-8FDC-42A3-9474-1A3956D46DE8}") = "Laboratorios", "Laboratorios", "{6241F8DE-333B-4B5F-9DD4-81F9470C7630}"
EndProject
Project("{2150E333-8FDC-42A3-9474-1A3956D46DE8}") = "Demonstracoes", "Demonstracoes", "{956DDEF8-48C8-400B-9DC7-AA6F653ED284}"
EndProject
Project("{6870E480-7721-4708-BFB8-9AE898AA21B3}") = "DEMO02_INICIO", "Demonstracoes\DEMO02_INICIO\DEMO02_INICIO.smproj", "{AFBB9568-4D95-4357-A09C-5E94AB1B9F25}"
EndProject
Project("{6870E480-7721-4708-BFB8-9AE898AA21B3}") = "LAB01_SOLUCAO", "Laboratorios\LAB01_SOLUCAO\LAB01_SOLUCAO.smproj", "{0891CDFB-9E86-49CA-86D8-6DB61D41CE43}"
EndProject
Project("{6870E480-7721-4708-BFB8-9AE898AA21B3}") = "DEMO03_INICIO", "Demonstracoes\DEMO03_INICIO\DEMO03_INICIO.smproj", "{0E537A54-2C45-4E70-AC80-BC4D87F25BD0}"
EndProject
Project("{6870E480-7721-4708-BFB8-9AE898AA21B3}") = "DEMO03_FINAL", "Demonstracoes\DEMO03_FINAL\DEMO03_FINAL.smproj", "{D727F1E3-E122-45D3-928E-06AEA41ABCFE}"
EndProject
Project("{2150E333-8FDC-42A3-9474-1A3956D46DE8}") = "final", "final", "{54BF56F3-2444-435D-8B15-DAE167A32F3F}"
EndProject
Project("{2150E333-8FDC-42A3-9474-1A3956D46DE8}") = "inicio", "inicio", "{7150C34E-37F7-49F8-92E6-36530D0E2C87}"
EndProject
Project("{6870E480-7721-4708-BFB8-9AE898AA21B3}") = "DEMO04_INICIO", "Demonstracoes\DEMO04_INICIO\DEMO04_INICIO.smproj", "{29EC293F-5CBF-4D82-99AB-371FD895BF04}"
EndProject
Project("{6870E480-7721-4708-BFB8-9AE898AA21B3}") = "DEMO04_FINAL", "Demonstracoes\DEMO04_FINAL\DEMO04_FINAL.smproj", "{E24BD3AC-8EF8-451A-89CE-229F20FF5BCE}"
EndProject
Project("{6870E480-7721-4708-BFB8-9AE898AA21B3}") = "DEMO05_INICIO", "Demonstracoes\DEMO05_INICIO\DEMO05_INICIO.smproj", "{B4932430-6AC2-40FA-AD8B-09983CCF67DA}"
EndProject
Project("{6870E480-7721-4708-BFB8-9AE898AA21B3}") = "DEMO05_FINAL", "Demonstracoes\DEMO05_FINAL\DEMO05_FINAL.smproj", "{57293E25-076F-4A58-A1A9-7BA5795BCB26}"
EndProject
Project("{6870E480-7721-4708-BFB8-9AE898AA21B3}") = "DEMO06_INICIO", "Demonstracoes\DEMO06_INICIO\DEMO06_INICIO.smproj", "{3C75F898-E389-4D0B-9561-5C0B9EB22D2B}"
EndProject
Project("{2150E333-8FDC-42A3-9474-1A3956D46DE8}") = "teste", "teste", "{0E3DE5ED-8F81-42FC-9633-0CFF87EF8537}"
EndProject
Project("{6870E480-7721-4708-BFB8-9AE898AA21B3}") = "DEMO06_TESTE", "Demonstracoes\DEMO06_TESTE\DEMO06_TESTE.smproj", "{0F238249-41EF-4C74-8A68-DD49495975A0}"
EndProject
Project("{6870E480-7721-4708-BFB8-9AE898AA21B3}") = "DEMO07_INICIO", "Demonstracoes\DEMO07_INICIO\DEMO07_INICIO.smproj", "{EFB8DF85-40BE-4D34-B288-A0FE9534D6FA}"
EndProject
Project("{6870E480-7721-4708-BFB8-9AE898AA21B3}") = "DEMO07_TESTE", "Demonstracoes\DEMO07_TESTE\DEMO07_TESTE.smproj", "{40CE9C09-31E3-42A0-968E-BBD6BA8C0369}"
EndProject
Project("{6870E480-7721-4708-BFB8-9AE898AA21B3}") = "DEMO06_FINAL", "Demonstracoes\DEMO06_FINAL\DEMO06_FINAL.smproj", "{B865204C-6219-46AF-89E1-281E0851D567}"
EndProject
Project("{6870E480-7721-4708-BFB8-9AE898AA21B3}") = "DEMO07_FINAL", "Demonstracoes\DEMO07_FINAL\DEMO07_FINAL.smproj", "{AF77482D-62DD-46AC-8326-D17B56D588CD}"
EndProject
Project("{6870E480-7721-4708-BFB8-9AE898AA21B3}") = "DEMO08_INICIO", "Demonstracoes\DEMO08_INICIO\DEMO08_INICIO.smproj", "{115E3688-6C4C-4246-974F-E4A5B9473ACC}"
EndProject
Project("{6870E480-7721-4708-BFB8-9AE898AA21B3}") = "DEMO08_TESTE", "Demonstracoes\DEMO08_TESTE\DEMO08_TESTE.smproj", "{50E02200-EF67-4269-83FA-CDE45434364A}"
EndProject
Project("{2150E333-8FDC-42A3-9474-1A3956D46DE8}") = "Scripts", "Scripts", "{384955D3-9D07-47A2-B39C-0418E88F2736}"
	ProjectSection(SolutionItems) = preProject
		Scripts\SCRIPT_DEMOSTRACAO_08.sql = Scripts\SCRIPT_DEMOSTRACAO_08.sql
		Scripts\SCRIPT_REFRESH_DIMDATE.sql = Scripts\SCRIPT_REFRESH_DIMDATE.sql
	EndProjectSection
EndProject
Project("{6870E480-7721-4708-BFB8-9AE898AA21B3}") = "DEMO09_INICIO", "Demonstracoes\DEMO09_INICIO\DEMO09_INICIO.smproj", "{A89BB04B-4C44-4751-8D34-F2B4CD5AA53D}"
EndProject
Project("{6870E480-7721-4708-BFB8-9AE898AA21B3}") = "DEMO09_TESTE", "Demonstracoes\DEMO09_TESTE\DEMO09_TESTE.smproj", "{4AE7BB45-F54A-4AA3-8AC5-BAC814E48CEB}"
EndProject
Project("{6870E480-7721-4708-BFB8-9AE898AA21B3}") = "DEMO08_FINAL", "Demonstracoes\DEMO08_FINAL\DEMO08_FINAL.smproj", "{49A4371F-DC6F-4B5B-8529-7D2DAF2B552F}"
EndProject
Project("{6870E480-7721-4708-BFB8-9AE898AA21B3}") = "DEMO09_FINAL", "Demonstracoes\DEMO09_FINAL\DEMO09_FINAL.smproj", "{2E16D309-881E-4893-8736-0B5CFBF364DE}"
EndProject
Global
	GlobalSection(SolutionConfigurationPlatforms) = preSolution
		Development|x86 = Development|x86
	EndGlobalSection
	GlobalSection(ProjectConfigurationPlatforms) = postSolution
		{AFBB9568-4D95-4357-A09C-5E94AB1B9F25}.Development|x86.ActiveCfg = Development|x86
		{AFBB9568-4D95-4357-A09C-5E94AB1B9F25}.Development|x86.Build.0 = Development|x86
		{AFBB9568-4D95-4357-A09C-5E94AB1B9F25}.Development|x86.Deploy.0 = Development|x86
		{0891CDFB-9E86-49CA-86D8-6DB61D41CE43}.Development|x86.ActiveCfg = Development|x86
		{0891CDFB-9E86-49CA-86D8-6DB61D41CE43}.Development|x86.Build.0 = Development|x86
		{0891CDFB-9E86-49CA-86D8-6DB61D41CE43}.Development|x86.Deploy.0 = Development|x86
		{0E537A54-2C45-4E70-AC80-BC4D87F25BD0}.Development|x86.ActiveCfg = Development|x86
		{0E537A54-2C45-4E70-AC80-BC4D87F25BD0}.Development|x86.Build.0 = Development|x86
		{0E537A54-2C45-4E70-AC80-BC4D87F25BD0}.Development|x86.Deploy.0 = Development|x86
		{D727F1E3-E122-45D3-928E-06AEA41ABCFE}.Development|x86.ActiveCfg = Development|x86
		{D727F1E3-E122-45D3-928E-06AEA41ABCFE}.Development|x86.Build.0 = Development|x86
		{D727F1E3-E122-45D3-928E-06AEA41ABCFE}.Development|x86.Deploy.0 = Development|x86
		{29EC293F-5CBF-4D82-99AB-371FD895BF04}.Development|x86.ActiveCfg = Development|x86
		{29EC293F-5CBF-4D82-99AB-371FD895BF04}.Development|x86.Build.0 = Development|x86
		{29EC293F-5CBF-4D82-99AB-371FD895BF04}.Development|x86.Deploy.0 = Development|x86
		{E24BD3AC-8EF8-451A-89CE-229F20FF5BCE}.Development|x86.ActiveCfg = Development|x86
		{E24BD3AC-8EF8-451A-89CE-229F20FF5BCE}.Development|x86.Build.0 = Development|x86
		{E24BD3AC-8EF8-451A-89CE-229F20FF5BCE}.Development|x86.Deploy.0 = Development|x86
		{B4932430-6AC2-40FA-AD8B-09983CCF67DA}.Development|x86.ActiveCfg = Development|x86
		{B4932430-6AC2-40FA-AD8B-09983CCF67DA}.Development|x86.Build.0 = Development|x86
		{B4932430-6AC2-40FA-AD8B-09983CCF67DA}.Development|x86.Deploy.0 = Development|x86
		{57293E25-076F-4A58-A1A9-7BA5795BCB26}.Development|x86.ActiveCfg = Development|x86
		{57293E25-076F-4A58-A1A9-7BA5795BCB26}.Development|x86.Build.0 = Development|x86
		{57293E25-076F-4A58-A1A9-7BA5795BCB26}.Development|x86.Deploy.0 = Development|x86
		{3C75F898-E389-4D0B-9561-5C0B9EB22D2B}.Development|x86.ActiveCfg = Development|x86
		{3C75F898-E389-4D0B-9561-5C0B9EB22D2B}.Development|x86.Build.0 = Development|x86
		{3C75F898-E389-4D0B-9561-5C0B9EB22D2B}.Development|x86.Deploy.0 = Development|x86
		{0F238249-41EF-4C74-8A68-DD49495975A0}.Development|x86.ActiveCfg = Development|x86
		{0F238249-41EF-4C74-8A68-DD49495975A0}.Development|x86.Build.0 = Development|x86
		{0F238249-41EF-4C74-8A68-DD49495975A0}.Development|x86.Deploy.0 = Development|x86
		{EFB8DF85-40BE-4D34-B288-A0FE9534D6FA}.Development|x86.ActiveCfg = Development|x86
		{EFB8DF85-40BE-4D34-B288-A0FE9534D6FA}.Development|x86.Build.0 = Development|x86
		{EFB8DF85-40BE-4D34-B288-A0FE9534D6FA}.Development|x86.Deploy.0 = Development|x86
		{40CE9C09-31E3-42A0-968E-BBD6BA8C0369}.Development|x86.ActiveCfg = Development|x86
		{40CE9C09-31E3-42A0-968E-BBD6BA8C0369}.Development|x86.Build.0 = Development|x86
		{40CE9C09-31E3-42A0-968E-BBD6BA8C0369}.Development|x86.Deploy.0 = Development|x86
		{B865204C-6219-46AF-89E1-281E0851D567}.Development|x86.ActiveCfg = Development|x86
		{B865204C-6219-46AF-89E1-281E0851D567}.Development|x86.Build.0 = Development|x86
		{B865204C-6219-46AF-89E1-281E0851D567}.Development|x86.Deploy.0 = Development|x86
		{AF77482D-62DD-46AC-8326-D17B56D588CD}.Development|x86.ActiveCfg = Development|x86
		{AF77482D-62DD-46AC-8326-D17B56D588CD}.Development|x86.Build.0 = Development|x86
		{AF77482D-62DD-46AC-8326-D17B56D588CD}.Development|x86.Deploy.0 = Development|x86
		{115E3688-6C4C-4246-974F-E4A5B9473ACC}.Development|x86.ActiveCfg = Development|x86
		{115E3688-6C4C-4246-974F-E4A5B9473ACC}.Development|x86.Build.0 = Development|x86
		{115E3688-6C4C-4246-974F-E4A5B9473ACC}.Development|x86.Deploy.0 = Development|x86
		{50E02200-EF67-4269-83FA-CDE45434364A}.Development|x86.ActiveCfg = Development|x86
		{50E02200-EF67-4269-83FA-CDE45434364A}.Development|x86.Build.0 = Development|x86
		{50E02200-EF67-4269-83FA-CDE45434364A}.Development|x86.Deploy.0 = Development|x86
		{A89BB04B-4C44-4751-8D34-F2B4CD5AA53D}.Development|x86.ActiveCfg = Development|x86
		{A89BB04B-4C44-4751-8D34-F2B4CD5AA53D}.Development|x86.Build.0 = Development|x86
		{A89BB04B-4C44-4751-8D34-F2B4CD5AA53D}.Development|x86.Deploy.0 = Development|x86
		{4AE7BB45-F54A-4AA3-8AC5-BAC814E48CEB}.Development|x86.ActiveCfg = Development|x86
		{4AE7BB45-F54A-4AA3-8AC5-BAC814E48CEB}.Development|x86.Build.0 = Development|x86
		{4AE7BB45-F54A-4AA3-8AC5-BAC814E48CEB}.Development|x86.Deploy.0 = Development|x86
		{49A4371F-DC6F-4B5B-8529-7D2DAF2B552F}.Development|x86.ActiveCfg = Development|x86
		{49A4371F-DC6F-4B5B-8529-7D2DAF2B552F}.Development|x86.Build.0 = Development|x86
		{49A4371F-DC6F-4B5B-8529-7D2DAF2B552F}.Development|x86.Deploy.0 = Development|x86
		{2E16D309-881E-4893-8736-0B5CFBF364DE}.Development|x86.ActiveCfg = Development|x86
		{2E16D309-881E-4893-8736-0B5CFBF364DE}.Development|x86.Build.0 = Development|x86
		{2E16D309-881E-4893-8736-0B5CFBF364DE}.Development|x86.Deploy.0 = Development|x86
	EndGlobalSection
	GlobalSection(SolutionProperties) = preSolution
		HideSolutionNode = FALSE
	EndGlobalSection
	GlobalSection(NestedProjects) = preSolution
		{AFBB9568-4D95-4357-A09C-5E94AB1B9F25} = {7150C34E-37F7-49F8-92E6-36530D0E2C87}
		{0891CDFB-9E86-49CA-86D8-6DB61D41CE43} = {6241F8DE-333B-4B5F-9DD4-81F9470C7630}
		{0E537A54-2C45-4E70-AC80-BC4D87F25BD0} = {7150C34E-37F7-49F8-92E6-36530D0E2C87}
		{D727F1E3-E122-45D3-928E-06AEA41ABCFE} = {54BF56F3-2444-435D-8B15-DAE167A32F3F}
		{54BF56F3-2444-435D-8B15-DAE167A32F3F} = {956DDEF8-48C8-400B-9DC7-AA6F653ED284}
		{7150C34E-37F7-49F8-92E6-36530D0E2C87} = {956DDEF8-48C8-400B-9DC7-AA6F653ED284}
		{29EC293F-5CBF-4D82-99AB-371FD895BF04} = {7150C34E-37F7-49F8-92E6-36530D0E2C87}
		{E24BD3AC-8EF8-451A-89CE-229F20FF5BCE} = {54BF56F3-2444-435D-8B15-DAE167A32F3F}
		{B4932430-6AC2-40FA-AD8B-09983CCF67DA} = {7150C34E-37F7-49F8-92E6-36530D0E2C87}
		{57293E25-076F-4A58-A1A9-7BA5795BCB26} = {54BF56F3-2444-435D-8B15-DAE167A32F3F}
		{3C75F898-E389-4D0B-9561-5C0B9EB22D2B} = {7150C34E-37F7-49F8-92E6-36530D0E2C87}
		{0E3DE5ED-8F81-42FC-9633-0CFF87EF8537} = {956DDEF8-48C8-400B-9DC7-AA6F653ED284}
		{0F238249-41EF-4C74-8A68-DD49495975A0} = {0E3DE5ED-8F81-42FC-9633-0CFF87EF8537}
		{EFB8DF85-40BE-4D34-B288-A0FE9534D6FA} = {7150C34E-37F7-49F8-92E6-36530D0E2C87}
		{40CE9C09-31E3-42A0-968E-BBD6BA8C0369} = {0E3DE5ED-8F81-42FC-9633-0CFF87EF8537}
		{B865204C-6219-46AF-89E1-281E0851D567} = {54BF56F3-2444-435D-8B15-DAE167A32F3F}
		{AF77482D-62DD-46AC-8326-D17B56D588CD} = {54BF56F3-2444-435D-8B15-DAE167A32F3F}
		{115E3688-6C4C-4246-974F-E4A5B9473ACC} = {7150C34E-37F7-49F8-92E6-36530D0E2C87}
		{50E02200-EF67-4269-83FA-CDE45434364A} = {0E3DE5ED-8F81-42FC-9633-0CFF87EF8537}
		{A89BB04B-4C44-4751-8D34-F2B4CD5AA53D} = {7150C34E-37F7-49F8-92E6-36530D0E2C87}
		{4AE7BB45-F54A-4AA3-8AC5-BAC814E48CEB} = {0E3DE5ED-8F81-42FC-9633-0CFF87EF8537}
		{49A4371F-DC6F-4B5B-8529-7D2DAF2B552F} = {54BF56F3-2444-435D-8B15-DAE167A32F3F}
		{2E16D309-881E-4893-8736-0B5CFBF364DE} = {54BF56F3-2444-435D-8B15-DAE167A32F3F}
	EndGlobalSection
	GlobalSection(ExtensibilityGlobals) = postSolution
		SolutionGuid = {BB1E2D02-D07F-4878-AE87-E6AADCE6B46A}
	EndGlobalSection
EndGlobal
